{
    "name": "shoe",
    "version": "0.0.15",
    "lockfileVersion": 1,
    "requires": true,
    "dependencies": {
        "Base64": {
            "version": "0.1.4",
            "resolved": "https://registry.npmjs.org/Base64/-/Base64-0.1.4.tgz",
            "integrity": "sha1-6fbGvvVn/WNepBYqsU3TKedKpt4=",
            "dev": true
        },
        "JSONStream": {
            "version": "0.6.4",
            "resolved": "https://registry.npmjs.org/JSONStream/-/JSONStream-0.6.4.tgz",
            "integrity": "sha1-SyyAY/j1Enh7I3X37p22kgj6Lcs=",
            "dev": true,
            "requires": {
                "jsonparse": "0.0.5",
                "through": "2.2.7"
            },
            "dependencies": {
                "through": {
                    "version": "2.2.7",
                    "resolved": "https://registry.npmjs.org/through/-/through-2.2.7.tgz",
                    "integrity": "sha1-bo4hIAGR1OtqmfbwEN9Gqhxusr0=",
                    "dev": true
                }
            }
        },
        "amdefine": {
            "version": "1.0.1",
            "resolved": "https://registry.npmjs.org/amdefine/-/amdefine-1.0.1.tgz",
            "integrity": "sha1-SlKCrBZHKek2Gbz9OtFR+BfOkfU=",
            "dev": true
        },
        "astw": {
            "version": "0.0.0",
            "resolved": "https://registry.npmjs.org/astw/-/astw-0.0.0.tgz",
            "integrity": "sha1-RJCGaj7xFqr5GtumPKfd9wttWb0=",
            "dev": true,
            "requires": {
                "esprima": "1.0.2"
            }
        },
        "async": {
            "version": "0.2.10",
            "resolved": "https://registry.npmjs.org/async/-/async-0.2.10.tgz",
            "integrity": "sha1-trvgsGdLnXGXCMo43owjfLUmw9E=",
            "dev": true
        },
        "base64-js": {
            "version": "0.0.8",
            "resolved": "https://registry.npmjs.org/base64-js/-/base64-js-0.0.8.tgz",
            "integrity": "sha1-EQHpVE9KdrG8OybUUsqW16NeeXg=",
            "dev": true
        },
        "bops": {
            "version": "0.0.6",
            "resolved": "https://registry.npmjs.org/bops/-/bops-0.0.6.tgz",
            "integrity": "sha1-CC0dVfoB5g29wuvC26N/ZZVUzzo=",
            "dev": true,
            "requires": {
                "base64-js": "0.0.2",
                "to-utf8": "0.0.1"
            },
            "dependencies": {
                "base64-js": {
                    "version": "0.0.2",
                    "resolved": "https://registry.npmjs.org/base64-js/-/base64-js-0.0.2.tgz",
                    "integrity": "sha1-Ak8Pcq+iW3X5wO5zzU9V7Bvtl4Q=",
                    "dev": true
                }
            }
        },
        "bouncy": {
            "version": "3.2.2",
            "resolved": "https://registry.npmjs.org/bouncy/-/bouncy-3.2.2.tgz",
            "integrity": "sha1-gqtK176uBYkO7VS5rzxFOUsYXcc=",
            "dev": true,
            "requires": {
                "optimist": "0.3.7",
                "through": "2.3.8"
            },
            "dependencies": {
                "optimist": {
                    "version": "0.3.7",
                    "resolved": "https://registry.npmjs.org/optimist/-/optimist-0.3.7.tgz",
                    "integrity": "sha1-yQlBrVnkJzMokjB00s8ufLxuwNk=",
                    "dev": true,
                    "requires": {
                        "wordwrap": "0.0.3"
                    }
                }
            }
        },
        "browser-builtins": {
            "version": "2.0.5",
            "resolved": "https://registry.npmjs.org/browser-builtins/-/browser-builtins-2.0.5.tgz",
            "integrity": "sha1-ETuPZx9G4McJ3tg4dQy2BMQQIjs=",
            "dev": true,
            "requires": {
                "buffer-browserify": "0.2.5",
                "console-browserify": "1.0.3",
                "constants-browserify": "0.0.1",
                "crypto-browserify": "1.0.9",
                "http-browserify": "0.1.14",
                "os-browserify": "0.1.2",
                "punycode": "1.2.4",
                "vm-browserify": "0.0.4",
                "zlib-browserify": "0.0.3"
            }
        },
        "browser-launcher": {
            "version": "0.3.4",
            "resolved": "https://registry.npmjs.org/browser-launcher/-/browser-launcher-0.3.4.tgz",
            "integrity": "sha1-Y3jvZv5NgwbmySjLgoPOPo1c8i8=",
            "dev": true,
            "requires": {
                "headless": "0.1.3",
                "merge": "1.0.0",
                "mkdirp": "0.3.5",
                "plist": "0.2.1"
            }
        },
        "browser-pack": {
            "version": "1.1.0",
            "resolved": "https://registry.npmjs.org/browser-pack/-/browser-pack-1.1.0.tgz",
            "integrity": "sha1-go2fbR93wMVqnLVzdfcI3yWkaXc=",
            "dev": true,
            "requires": {
                "JSONStream": "0.6.4",
                "combine-source-map": "0.3.0",
                "through": "2.3.8"
            }
        },
        "browser-resolve": {
            "version": "1.2.4",
            "resolved": "https://registry.npmjs.org/browser-resolve/-/browser-resolve-1.2.4.tgz",
            "integrity": "sha1-Wa54IKgpVezTL1+3xGisIcRyOAY=",
            "dev": true,
            "requires": {
                "resolve": "0.6.3"
            },
            "dependencies": {
                "resolve": {
                    "version": "0.6.3",
                    "resolved": "https://registry.npmjs.org/resolve/-/resolve-0.6.3.tgz",
                    "integrity": "sha1-3ZV5gufnNt699TtYpN2RdUV13UY=",
                    "dev": true
                }
            }
        },
        "browserify": {
            "version": "2.36.1",
            "resolved": "https://registry.npmjs.org/browserify/-/browserify-2.36.1.tgz",
            "integrity": "sha1-SZg58fj7+gWB+/T60Xpphxme+mk=",
            "dev": true,
            "requires": {
                "JSONStream": "0.6.4",
                "browser-builtins": "2.0.5",
                "browser-pack": "1.1.0",
                "browser-resolve": "1.2.4",
                "concat-stream": "1.0.1",
                "deep-equal": "0.1.2",
                "deps-sort": "0.1.2",
                "duplexer": "0.1.1",
                "inherits": "1.0.2",
                "insert-module-globals": "1.3.1",
                "module-deps": "1.1.0",
                "optimist": "0.5.2",
                "parents": "0.0.3",
                "shell-quote": "0.0.1",
                "stream-combiner": "0.0.4",
                "syntax-error": "0.0.1",
                "through": "2.3.8",
                "umd": "1.3.1"
            },
            "dependencies": {
                "deep-equal": {
                    "version": "0.1.2",
                    "resolved": "https://registry.npmjs.org/deep-equal/-/deep-equal-0.1.2.tgz",
                    "integrity": "sha1-skbCuApXCkfBG+HZvRBw7IeLh84=",
                    "dev": true
                },
                "inherits": {
                    "version": "1.0.2",
                    "resolved": "https://registry.npmjs.org/inherits/-/inherits-1.0.2.tgz",
                    "integrity": "sha1-ykMJ2t7mtUzAuNJH6NfHoJdb3Js=",
                    "dev": true
                },
                "shell-quote": {
                    "version": "0.0.1",
                    "resolved": "https://registry.npmjs.org/shell-quote/-/shell-quote-0.0.1.tgz",
                    "integrity": "sha1-GkEZbzwDM8SCMjWT1ohuzxU92YY=",
                    "dev": true
                }
            }
        },
        "buffer-browserify": {
            "version": "0.2.5",
            "resolved": "https://registry.npmjs.org/buffer-browserify/-/buffer-browserify-0.2.5.tgz",
            "integrity": "sha1-Kcc51qTiR7U5q8CtoHNhIAIWOiE=",
            "dev": true,
            "requires": {
                "base64-js": "0.0.8"
            }
        },
        "callsite": {
            "version": "1.0.0",
            "resolved": "https://registry.npmjs.org/callsite/-/callsite-1.0.0.tgz",
            "integrity": "sha1-KAOY5dZkvXQDi28JBRU+borxvCA=",
            "dev": true
        },
        "camelcase": {
            "version": "1.2.1",
            "resolved": "https://registry.npmjs.org/camelcase/-/camelcase-1.2.1.tgz",
            "integrity": "sha1-m7UwTS4LVmmLLHWLCKPqqdqlijk=",
            "dev": true
        },
        "combine-source-map": {
            "version": "0.3.0",
            "resolved": "https://registry.npmjs.org/combine-source-map/-/combine-source-map-0.3.0.tgz",
            "integrity": "sha1-2edPWT2c1DgHMSy12EbUUe+qnrc=",
            "dev": true,
            "requires": {
                "convert-source-map": "0.3.5",
                "inline-source-map": "0.3.1",
                "source-map": "0.1.43"
            }
        },
        "commondir": {
            "version": "0.0.2",
            "resolved": "https://registry.npmjs.org/commondir/-/commondir-0.0.2.tgz",
            "integrity": "sha1-xJyIgMb+loRLs1Jd0ucxQFDDie4=",
            "dev": true
        },
        "concat-stream": {
            "version": "1.0.1",
            "resolved": "https://registry.npmjs.org/concat-stream/-/concat-stream-1.0.1.tgz",
            "integrity": "sha1-AYsYvBx9BzotyCqkhEI0GixN158=",
            "dev": true,
            "requires": {
                "bops": "0.0.6"
            }
        },
        "console-browserify": {
            "version": "1.0.3",
            "resolved": "https://registry.npmjs.org/console-browserify/-/console-browserify-1.0.3.tgz",
            "integrity": "sha1-04mNLDqTEC82QZf4h0tPkrUoao4=",
            "dev": true
        },
        "constants-browserify": {
            "version": "0.0.1",
            "resolved": "https://registry.npmjs.org/constants-browserify/-/constants-browserify-0.0.1.tgz",
            "integrity": "sha1-kld9tSe6bEzwpFaNhLwDH0QeIfI=",
            "dev": true
        },
        "convert-source-map": {
            "version": "0.3.5",
            "resolved": "https://registry.npmjs.org/convert-source-map/-/convert-source-map-0.3.5.tgz",
            "integrity": "sha1-8dgClQr33SYxof6+BZZVDIarMZA=",
            "dev": true
        },
        "crypto-browserify": {
            "version": "1.0.9",
            "resolved": "https://registry.npmjs.org/crypto-browserify/-/crypto-browserify-1.0.9.tgz",
            "integrity": "sha1-zFRJaF37hesRyYKKzHy4erW7/MA=",
            "dev": true
        },
        "debug": {
            "version": "2.6.9",
            "resolved": "https://registry.npmjs.org/debug/-/debug-2.6.9.tgz",
            "integrity": "sha512-bC7ElrdJaJnPbAP+1EotYvqZsb3ecl5wi6Bfi6BJTUcNowp6cvspg0jXznRTKDjm/E7AdgFBVeAPVMNcKGsHMA==",
            "requires": {
                "ms": "2.0.0"
            }
        },
        "decamelize": {
            "version": "1.2.0",
            "resolved": "https://registry.npmjs.org/decamelize/-/decamelize-1.2.0.tgz",
            "integrity": "sha1-9lNNFRSCabIDUue+4m9QH5oZEpA=",
            "dev": true
        },
        "deep-equal": {
            "version": "0.0.0",
            "resolved": "https://registry.npmjs.org/deep-equal/-/deep-equal-0.0.0.tgz",
            "integrity": "sha1-mWedO70EcVb81FDT0B7rkGhpHoM=",
            "dev": true
        },
        "defined": {
            "version": "0.0.0",
            "resolved": "https://registry.npmjs.org/defined/-/defined-0.0.0.tgz",
            "integrity": "sha1-817qfXBekzuvE7LwOz+D2SFAOz4=",
            "dev": true
        },
        "deps-sort": {
            "version": "0.1.2",
            "resolved": "https://registry.npmjs.org/deps-sort/-/deps-sort-0.1.2.tgz",
            "integrity": "sha1-2qL7YUoXyWN9gB4vVTOa43DzYRo=",
            "dev": true,
            "requires": {
                "JSONStream": "0.6.4",
                "minimist": "0.0.10",
                "through": "2.3.8"
            }
        },
        "detective": {
            "version": "2.1.2",
            "resolved": "https://registry.npmjs.org/detective/-/detective-2.1.2.tgz",
            "integrity": "sha1-0irZ8YyC77P1X+4uJEiD2mu7jjc=",
            "dev": true,
            "requires": {
                "escodegen": "0.0.15",
                "esprima": "1.0.2"
            }
        },
        "duplexer": {
            "version": "0.1.1",
            "resolved": "https://registry.npmjs.org/duplexer/-/duplexer-0.1.1.tgz",
            "integrity": "sha1-rOb/gIwc5mtX0ev5eXessCM0z8E=",
            "dev": true
        },
        "ecstatic": {
            "version": "0.4.13",
            "resolved": "https://registry.npmjs.org/ecstatic/-/ecstatic-0.4.13.tgz",
            "integrity": "sha1-nLbq/+IRuchO+z9VPN4sMAJxeyk=",
            "dev": true,
            "requires": {
                "ent": "0.0.7",
                "mime": "1.2.11",
                "optimist": "0.3.7"
            },
            "dependencies": {
                "optimist": {
                    "version": "0.3.7",
                    "resolved": "https://registry.npmjs.org/optimist/-/optimist-0.3.7.tgz",
                    "integrity": "sha1-yQlBrVnkJzMokjB00s8ufLxuwNk=",
                    "dev": true,
                    "requires": {
                        "wordwrap": "0.0.3"
                    }
                }
            }
        },
        "ent": {
            "version": "0.0.7",
            "resolved": "https://registry.npmjs.org/ent/-/ent-0.0.7.tgz",
            "integrity": "sha1-g11Of556jUkhxpLpAQ7JdtpemUk=",
            "dev": true
        },
        "escodegen": {
            "version": "0.0.15",
            "resolved": "https://registry.npmjs.org/escodegen/-/escodegen-0.0.15.tgz",
            "integrity": "sha1-/9qcsmtws098wZ8diHVlOa+1Q70=",
            "dev": true,
            "requires": {
                "esprima": "1.0.2",
                "source-map": "0.1.43"
            }
        },
        "esprima": {
            "version": "1.0.2",
            "resolved": "https://registry.npmjs.org/esprima/-/esprima-1.0.2.tgz",
            "integrity": "sha1-gDm/nOrE2dLBX2IyZPspK1UCzq8=",
            "dev": true
        },
        "eventsource": {
            "version": "0.1.6",
            "resolved": "https://registry.npmjs.org/eventsource/-/eventsource-0.1.6.tgz",
            "integrity": "sha1-Cs7ehJ7X3RzMMsgRuxG5RNTykjI=",
            "requires": {
                "original": "1.0.0"
            }
        },
        "faye-websocket": {
            "version": "0.4.4",
            "resolved": "https://registry.npmjs.org/faye-websocket/-/faye-websocket-0.4.4.tgz",
            "integrity": "sha1-wUxbO/FNdBf/v9mQwKdJXNnzN7w="
        },
        "glob": {
            "version": "3.2.11",
            "resolved": "https://registry.npmjs.org/glob/-/glob-3.2.11.tgz",
            "integrity": "sha1-Spc/Y1uRkPcV0QmH1cAP0oFevj0=",
            "dev": true,
            "requires": {
                "inherits": "2.0.3",
                "minimatch": "0.3.0"
            }
        },
        "headless": {
            "version": "0.1.3",
            "resolved": "https://registry.npmjs.org/headless/-/headless-0.1.3.tgz",
            "integrity": "sha1-xZVzTupV7SJ2EbndhKY7UY4RFVM=",
            "dev": true
        },
        "http-browserify": {
            "version": "0.1.14",
            "resolved": "https://registry.npmjs.org/http-browserify/-/http-browserify-0.1.14.tgz",
            "integrity": "sha1-nIs/lAAiBFR8fL5Saa/i6mL3HH8=",
            "dev": true,
            "requires": {
                "Base64": "0.1.4",
                "concat-stream": "1.0.1"
            }
        },
        "http-parser-js": {
            "version": "0.4.11",
            "resolved": "https://registry.npmjs.org/http-parser-js/-/http-parser-js-0.4.11.tgz",
            "integrity": "sha512-QCR5O2AjjMW8Mo4HyI1ctFcv+O99j/0g367V3YoVnrNw5hkDvAWZD0lWGcc+F4yN3V55USPCVix4efb75HxFfA=="
        },
        "indexof": {
            "version": "0.0.1",
            "resolved": "https://registry.npmjs.org/indexof/-/indexof-0.0.1.tgz",
            "integrity": "sha1-gtwzbSMrkGIXnQWrMpOmYFn9Q10=",
            "dev": true
        },
        "inherits": {
            "version": "2.0.3",
            "resolved": "https://registry.npmjs.org/inherits/-/inherits-2.0.3.tgz",
            "integrity": "sha1-Yzwsg+PaQqUC9SRmAiSA9CCCYd4="
        },
        "inline-source-map": {
            "version": "0.3.1",
            "resolved": "https://registry.npmjs.org/inline-source-map/-/inline-source-map-0.3.1.tgz",
            "integrity": "sha1-pSi1FOaJ/OkNswiehw2S9Sestes=",
            "dev": true,
            "requires": {
                "source-map": "0.3.0"
            },
            "dependencies": {
                "source-map": {
                    "version": "0.3.0",
                    "resolved": "https://registry.npmjs.org/source-map/-/source-map-0.3.0.tgz",
                    "integrity": "sha1-hYb7mloAXltQHiHNGLbyG0V60fk=",
                    "dev": true,
                    "requires": {
                        "amdefine": "1.0.1"
                    }
                }
            }
        },
        "insert-module-globals": {
            "version": "1.3.1",
            "resolved": "https://registry.npmjs.org/insert-module-globals/-/insert-module-globals-1.3.1.tgz",
            "integrity": "sha1-S5R91JcSsk+ynstQZ2iyomosVz8=",
            "dev": true,
            "requires": {
                "JSONStream": "0.4.4",
                "commondir": "0.0.2",
                "duplexer": "0.0.4",
                "lexical-scope": "0.0.15",
                "process": "0.5.2",
                "through": "2.2.7"
            },
            "dependencies": {
                "JSONStream": {
                    "version": "0.4.4",
                    "resolved": "https://registry.npmjs.org/JSONStream/-/JSONStream-0.4.4.tgz",
                    "integrity": "sha1-zCzxGShsRb4VBCPLwSjUgOm1SuI=",
                    "dev": true,
                    "requires": {
                        "jsonparse": "0.0.5"
                    }
                },
                "duplexer": {
                    "version": "0.0.4",
                    "resolved": "https://registry.npmjs.org/duplexer/-/duplexer-0.0.4.tgz",
                    "integrity": "sha1-r8t/H4uNdPggcmFx1dZKyeSo/yA=",
                    "dev": true
                },
                "through": {
                    "version": "2.2.7",
                    "resolved": "https://registry.npmjs.org/through/-/through-2.2.7.tgz",
                    "integrity": "sha1-bo4hIAGR1OtqmfbwEN9Gqhxusr0=",
                    "dev": true
                }
            }
        },
        "json3": {
            "version": "3.3.2",
            "resolved": "https://registry.npmjs.org/json3/-/json3-3.3.2.tgz",
            "integrity": "sha1-PAQ0dD35Pi9cQq7nsZvLSDV19OE="
        },
        "jsonify": {
            "version": "0.0.0",
            "resolved": "https://registry.npmjs.org/jsonify/-/jsonify-0.0.0.tgz",
            "integrity": "sha1-LHS27kHZPKUbe1qu6PUDYx0lKnM=",
            "dev": true
        },
        "jsonparse": {
            "version": "0.0.5",
            "resolved": "https://registry.npmjs.org/jsonparse/-/jsonparse-0.0.5.tgz",
            "integrity": "sha1-MwVCrT8KZUZlt3jz6y2an6UHrGQ=",
            "dev": true
        },
        "lexical-scope": {
            "version": "0.0.15",
            "resolved": "https://registry.npmjs.org/lexical-scope/-/lexical-scope-0.0.15.tgz",
            "integrity": "sha1-yllZl6rth7FVywQfSNwEOPSKBNw=",
            "dev": true,
            "requires": {
                "astw": "0.0.0"
            }
        },
        "lru-cache": {
            "version": "2.7.3",
            "resolved": "https://registry.npmjs.org/lru-cache/-/lru-cache-2.7.3.tgz",
            "integrity": "sha1-bUUk6LlV+V1PW1iFHOId1y+06VI=",
            "dev": true
        },
        "merge": {
            "version": "1.0.0",
            "resolved": "https://registry.npmjs.org/merge/-/merge-1.0.0.tgz",
            "integrity": "sha1-tEOrRtg3xJHmIiBWqw95M+yzVo8=",
            "dev": true
        },
        "mime": {
            "version": "1.2.11",
            "resolved": "https://registry.npmjs.org/mime/-/mime-1.2.11.tgz",
            "integrity": "sha1-WCA+7Ybjpe8XrtK32evUfwpg3RA=",
            "dev": true
        },
        "minimatch": {
            "version": "0.3.0",
            "resolved": "https://registry.npmjs.org/minimatch/-/minimatch-0.3.0.tgz",
            "integrity": "sha1-J12O2qxPG7MyZHIInnlJyDlGmd0=",
            "dev": true,
            "requires": {
                "lru-cache": "2.7.3",
                "sigmund": "1.0.1"
            }
        },
        "minimist": {
            "version": "0.0.10",
            "resolved": "https://registry.npmjs.org/minimist/-/minimist-0.0.10.tgz",
            "integrity": "sha1-3j+YVD2/lggr5IrRoMfNqDYwHc8=",
            "dev": true
        },
        "mkdirp": {
            "version": "0.3.5",
            "resolved": "https://registry.npmjs.org/mkdirp/-/mkdirp-0.3.5.tgz",
            "integrity": "sha1-3j5fiWHIjHh+4TaN+EmsRBPsqNc=",
            "dev": true
        },
        "module-deps": {
            "version": "1.1.0",
            "resolved": "https://registry.npmjs.org/module-deps/-/module-deps-1.1.0.tgz",
            "integrity": "sha1-NUXi16V/QHLU2kQrtgTQSxRAlLo=",
            "dev": true,
            "requires": {
                "JSONStream": "0.6.4",
                "browser-resolve": "1.2.4",
                "concat-stream": "1.0.1",
                "detective": "2.1.2",
                "minimist": "0.0.10",
                "resolve": "0.6.3",
                "through": "2.3.8"
            },
            "dependencies": {
                "resolve": {
                    "version": "0.6.3",
                    "resolved": "https://registry.npmjs.org/resolve/-/resolve-0.6.3.tgz",
                    "integrity": "sha1-3ZV5gufnNt699TtYpN2RdUV13UY=",
                    "dev": true
                }
            }
        },
        "ms": {
            "version": "2.0.0",
            "resolved": "https://registry.npmjs.org/ms/-/ms-2.0.0.tgz",
            "integrity": "sha1-VgiurfwAvmwpAd9fmGF4jeDVl8g="
        },
        "node-uuid": {
            "version": "1.3.3",
            "resolved": "https://registry.npmjs.org/node-uuid/-/node-uuid-1.3.3.tgz",
            "integrity": "sha1-09tNe1aBDZ5AMjQnZigq8HORcps="
        },
        "object-inspect": {
            "version": "0.1.3",
            "resolved": "https://registry.npmjs.org/object-inspect/-/object-inspect-0.1.3.tgz",
            "integrity": "sha1-0FplwuNP6CJdn9ouSE5OR7fi9JA=",
            "dev": true,
            "requires": {
                "tape": "1.0.4"
            }
        },
        "optimist": {
            "version": "0.5.2",
            "resolved": "https://registry.npmjs.org/optimist/-/optimist-0.5.2.tgz",
            "integrity": "sha1-hcjBRUszFeSniUfoV7HfAzRQv7w=",
            "dev": true,
            "requires": {
                "wordwrap": "0.0.3"
            }
        },
        "ordered-emitter": {
            "version": "0.1.1",
            "resolved": "https://registry.npmjs.org/ordered-emitter/-/ordered-emitter-0.1.1.tgz",
            "integrity": "sha1-qiC9r73MFjGDSjUPaLTvjrNO7Xs=",
            "dev": true
        },
        "original": {
            "version": "1.0.0",
            "resolved": "https://registry.npmjs.org/original/-/original-1.0.0.tgz",
            "integrity": "sha1-kUf5P6FpbQS+YeAb1QuurKZWvTs=",
            "requires": {
                "url-parse": "1.0.5"
            },
            "dependencies": {
                "url-parse": {
                    "version": "1.0.5",
                    "resolved": "https://registry.npmjs.org/url-parse/-/url-parse-1.0.5.tgz",
                    "integrity": "sha1-CFSGBCKv3P7+tsllxmLUgAFpkns=",
                    "requires": {
                        "querystringify": "0.0.4",
                        "requires-port": "1.0.0"
                    }
                }
            }
        },
        "os-browserify": {
            "version": "0.1.2",
            "resolved": "https://registry.npmjs.org/os-browserify/-/os-browserify-0.1.2.tgz",
            "integrity": "sha1-ScoCk+CxlZCl9d4Qx/JlphfY/lQ=",
            "dev": true
        },
        "parents": {
            "version": "0.0.3",
            "resolved": "https://registry.npmjs.org/parents/-/parents-0.0.3.tgz",
            "integrity": "sha1-+iEvAk2fpjGNu2tM5nbIvkk7nEM=",
            "dev": true,
            "requires": {
                "path-platform": "0.0.1"
            }
        },
        "path-platform": {
            "version": "0.0.1",
            "resolved": "https://registry.npmjs.org/path-platform/-/path-platform-0.0.1.tgz",
            "integrity": "sha1-tVhdfDxGPYmqAGDYZhHPGv1hfio=",
            "dev": true
        },
        "plist": {
            "version": "0.2.1",
            "resolved": "https://registry.npmjs.org/plist/-/plist-0.2.1.tgz",
            "integrity": "sha1-86PeB4hddz5m2KlngvG+wozystA=",
            "dev": true,
            "requires": {
                "sax": "0.1.5"
            }
        },
        "process": {
            "version": "0.5.2",
            "resolved": "https://registry.npmjs.org/process/-/process-0.5.2.tgz",
            "integrity": "sha1-FjjYqONML0QKkduVq5rrZ3/Bhc8=",
            "dev": true
        },
        "punycode": {
            "version": "1.2.4",
            "resolved": "https://registry.npmjs.org/punycode/-/punycode-1.2.4.tgz",
            "integrity": "sha1-VACKyXKux0F13vnLpt9/qdORh0A=",
            "dev": true
        },
        "querystringify": {
            "version": "0.0.4",
            "resolved": "https://registry.npmjs.org/querystringify/-/querystringify-0.0.4.tgz",
            "integrity": "sha1-DPf4T5Rj/wrlHExLFC2VvjdyTZw="
        },
        "requires-port": {
            "version": "1.0.0",
            "resolved": "https://registry.npmjs.org/requires-port/-/requires-port-1.0.0.tgz",
            "integrity": "sha1-kl0mAdOaxIXgkc8NpcbmlNw9yv8="
        },
        "resolve": {
            "version": "0.4.3",
            "resolved": "https://registry.npmjs.org/resolve/-/resolve-0.4.3.tgz",
            "integrity": "sha1-3K2tIC58rMJGfjo4gAIR9C+cE98=",
            "dev": true
        },
        "rfile": {
            "version": "1.0.0",
            "resolved": "https://registry.npmjs.org/rfile/-/rfile-1.0.0.tgz",
            "integrity": "sha1-WXCM+Qyh50xUw8/Fw2/bmBBDUmE=",
            "dev": true,
            "requires": {
                "callsite": "1.0.0",
                "resolve": "0.3.1"
            },
            "dependencies": {
                "resolve": {
                    "version": "0.3.1",
                    "resolved": "https://registry.npmjs.org/resolve/-/resolve-0.3.1.tgz",
                    "integrity": "sha1-NMY0R8ZkxwWY0cmxJvxDsqJDEKQ=",
                    "dev": true
                }
            }
        },
        "ruglify": {
            "version": "1.0.0",
            "resolved": "https://registry.npmjs.org/ruglify/-/ruglify-1.0.0.tgz",
            "integrity": "sha1-3Ikw4qlUSidDAcyZcldMDQmGtnU=",
            "dev": true,
            "requires": {
                "rfile": "1.0.0",
                "uglify-js": "2.2.5"
            },
            "dependencies": {
                "optimist": {
                    "version": "0.3.7",
                    "resolved": "https://registry.npmjs.org/optimist/-/optimist-0.3.7.tgz",
                    "integrity": "sha1-yQlBrVnkJzMokjB00s8ufLxuwNk=",
                    "dev": true,
                    "requires": {
                        "wordwrap": "0.0.3"
                    }
                },
                "uglify-js": {
                    "version": "2.2.5",
                    "resolved": "https://registry.npmjs.org/uglify-js/-/uglify-js-2.2.5.tgz",
                    "integrity": "sha1-puAqcNg5eSuXgEiLe4sYTAlcmcc=",
                    "dev": true,
                    "requires": {
                        "optimist": "0.3.7",
                        "source-map": "0.1.43"
                    }
                }
            }
        },
        "sax": {
            "version": "0.1.5",
            "resolved": "https://registry.npmjs.org/sax/-/sax-0.1.5.tgz",
            "integrity": "sha1-0YKaYSD6AWZetNv/bEPyn9bWFHE=",
            "dev": true
        },
        "shallow-copy": {
            "version": "0.0.1",
            "resolved": "https://registry.npmjs.org/shallow-copy/-/shallow-copy-0.0.1.tgz",
            "integrity": "sha1-QV9CcC1z2BAzApLMXuhurhoRoXA=",
            "dev": true
        },
        "shell-quote": {
            "version": "1.3.3",
            "resolved": "https://registry.npmjs.org/shell-quote/-/shell-quote-1.3.3.tgz",
            "integrity": "sha1-B7iCb0J8BSUR6LVidjnhcllujks=",
            "dev": true
        },
        "sigmund": {
            "version": "1.0.1",
            "resolved": "https://registry.npmjs.org/sigmund/-/sigmund-1.0.1.tgz",
            "integrity": "sha1-P/IfGYytIXX587eBhT/ZTQ0ZtZA=",
            "dev": true
        },
        "sockjs": {
            "version": "0.3.7",
            "resolved": "https://registry.npmjs.org/sockjs/-/sockjs-0.3.7.tgz",
            "integrity": "sha1-KVDgWG2KnTBElYqDGt5o2xl3Scs=",
            "requires": {
                "faye-websocket": "0.4.4",
                "node-uuid": "1.3.3"
            }
        },
        "sockjs-client": {
            "version": "1.1.4",
            "resolved": "https://registry.npmjs.org/sockjs-client/-/sockjs-client-1.1.4.tgz",
            "integrity": "sha1-W6vjhrd15M8U51IJEUUmVAFsixI=",
            "requires": {
                "debug": "2.6.9",
                "eventsource": "0.1.6",
                "faye-websocket": "0.11.1",
                "inherits": "2.0.3",
                "json3": "3.3.2",
                "url-parse": "1.2.0"
            },
            "dependencies": {
                "faye-websocket": {
                    "version": "0.11.1",
                    "resolved": "https://registry.npmjs.org/faye-websocket/-/faye-websocket-0.11.1.tgz",
                    "integrity": "sha1-8O/hjE9W5PQK/H4Gxxn9XuYYjzg=",
                    "requires": {
                        "websocket-driver": "0.7.0"
                    }
                }
            }
        },
        "source-map": {
            "version": "0.1.43",
            "resolved": "https://registry.npmjs.org/source-map/-/source-map-0.1.43.tgz",
            "integrity": "sha1-wkvBRspRfBRx9drL4lcbK3+eM0Y=",
            "dev": true,
            "requires": {
                "amdefine": "1.0.1"
            }
        },
        "split": {
            "version": "0.1.2",
            "resolved": "https://registry.npmjs.org/split/-/split-0.1.2.tgz",
            "integrity": "sha1-8HEHRMRT1VH8cUPq2YPaYBTjNsw=",
            "dev": true,
            "requires": {
                "through": "1.1.2"
            },
            "dependencies": {
                "through": {
                    "version": "1.1.2",
                    "resolved": "https://registry.npmjs.org/through/-/through-1.1.2.tgz",
                    "integrity": "sha1-NEpUJaN3MxTKfg62US+6+vdsC/4=",
                    "dev": true
                }
            }
        },
        "stream-combiner": {
            "version": "0.0.4",
            "resolved": "https://registry.npmjs.org/stream-combiner/-/stream-combiner-0.0.4.tgz",
            "integrity": "sha1-TV5DPBhSYd3mI8o/RMWGvPXErRQ=",
            "dev": true,
            "requires": {
                "duplexer": "0.1.1"
            }
        },
        "syntax-error": {
            "version": "0.0.1",
            "resolved": "https://registry.npmjs.org/syntax-error/-/syntax-error-0.0.1.tgz",
            "integrity": "sha1-AZ0HU0jNjFt58GA8c+U4kafFI10=",
            "dev": true,
            "requires": {
                "esprima": "0.9.9"
            },
            "dependencies": {
                "esprima": {
                    "version": "0.9.9",
                    "resolved": "https://registry.npmjs.org/esprima/-/esprima-0.9.9.tgz",
                    "integrity": "sha1-G5CSXJddYy1ygpOcO7nDpCPDBJA=",
                    "dev": true
                }
            }
        },
        "tap-finished": {
            "version": "0.0.1",
            "resolved": "https://registry.npmjs.org/tap-finished/-/tap-finished-0.0.1.tgz",
            "integrity": "sha1-CLW1Q/3ASDApDGxWEnlVLnHEvWc=",
            "dev": true,
            "requires": {
                "tap-parser": "0.2.1",
                "through": "2.3.8"
            }
        },
        "tap-parser": {
            "version": "0.2.1",
            "resolved": "https://registry.npmjs.org/tap-parser/-/tap-parser-0.2.1.tgz",
            "integrity": "sha1-jh6CPyEU7iHQMuLzHk+2QqKW9Qs=",
            "dev": true,
            "requires": {
                "split": "0.1.2"
            }
        },
        "tape": {
            "version": "1.0.4",
            "resolved": "https://registry.npmjs.org/tape/-/tape-1.0.4.tgz",
            "integrity": "sha1-4ujlxt0/AP3CpeRRT2L8Ih5Z+cQ=",
            "dev": true,
            "requires": {
                "deep-equal": "0.0.0",
                "defined": "0.0.0",
                "jsonify": "0.0.0",
                "through": "2.3.8"
            }
        },
        "testling": {
            "version": "1.4.1",
            "resolved": "https://registry.npmjs.org/testling/-/testling-1.4.1.tgz",
            "integrity": "sha1-E6p8zf/Vb44ySL/95sa2mPZYCtE=",
            "dev": true,
            "requires": {
                "bouncy": "3.2.2",
                "browser-launcher": "0.3.4",
                "browserify": "2.36.1",
                "concat-stream": "1.0.1",
                "ecstatic": "0.4.13",
                "ent": "0.0.7",
                "glob": "3.2.11",
                "jsonify": "0.0.0",
                "object-inspect": "0.1.3",
                "optimist": "0.5.2",
                "resolve": "0.4.3",
                "shallow-copy": "0.0.1",
                "shell-quote": "1.3.3",
                "tap-finished": "0.0.1",
                "xhr-write-stream": "0.1.2"
            }
        },
        "through": {
            "version": "2.3.8",
            "resolved": "https://registry.npmjs.org/through/-/through-2.3.8.tgz",
            "integrity": "sha1-DdTJ/6q8NXlgsbckEV1+Doai4fU=",
            "dev": true
        },
        "to-utf8": {
            "version": "0.0.1",
            "resolved": "https://registry.npmjs.org/to-utf8/-/to-utf8-0.0.1.tgz",
            "integrity": "sha1-0Xrqcv8vujm55DYBvns/9y4ImFI=",
            "dev": true
        },
        "uglify-js": {
            "version": "2.4.24",
            "resolved": "https://registry.npmjs.org/uglify-js/-/uglify-js-2.4.24.tgz",
            "integrity": "sha1-+tV1XB4Vd2WLsG/5q25UjJW+vW4=",
            "dev": true,
            "requires": {
                "async": "0.2.10",
                "source-map": "0.1.34",
                "uglify-to-browserify": "1.0.2",
                "yargs": "3.5.4"
            },
            "dependencies": {
                "source-map": {
                    "version": "0.1.34",
                    "resolved": "https://registry.npmjs.org/source-map/-/source-map-0.1.34.tgz",
                    "integrity": "sha1-p8/omux7FoLDsZjQrPtH19CQVms=",
                    "dev": true,
                    "requires": {
                        "amdefine": "1.0.1"
                    }
                }
            }
        },
        "uglify-to-browserify": {
            "version": "1.0.2",
            "resolved": "https://registry.npmjs.org/uglify-to-browserify/-/uglify-to-browserify-1.0.2.tgz",
            "integrity": "sha1-bgkk1r2mta/jSeOabWMoUKD4grc=",
            "dev": true
        },
        "umd": {
            "version": "1.3.1",
            "resolved": "https://registry.npmjs.org/umd/-/umd-1.3.1.tgz",
            "integrity": "sha1-/OVXwtv3MfvCB4Mv819qWFcYJYk=",
            "dev": true,
            "requires": {
                "rfile": "1.0.0",
                "ruglify": "1.0.0",
                "through": "2.3.8",
                "uglify-js": "2.4.24"
            }
        },
        "url-parse": {
            "version": "1.2.0",
            "resolved": "https://registry.npmjs.org/url-parse/-/url-parse-1.2.0.tgz",
            "integrity": "sha512-DT1XbYAfmQP65M/mE6OALxmXzZ/z1+e5zk2TcSKe/KiYbNGZxgtttzC0mR/sjopbpOXcbniq7eIKmocJnUWlEw==",
            "requires": {
                "querystringify": "1.0.0",
                "requires-port": "1.0.0"
            },
            "dependencies": {
                "querystringify": {
                    "version": "1.0.0",
                    "resolved": "https://registry.npmjs.org/querystringify/-/querystringify-1.0.0.tgz",
                    "integrity": "sha1-YoYkIRLFtxL6ZU5SZlK/ahP/Bcs="
                }
            }
        },
        "vm-browserify": {
            "version": "0.0.4",
            "resolved": "https://registry.npmjs.org/vm-browserify/-/vm-browserify-0.0.4.tgz",
            "integrity": "sha1-XX6kW7755Kb/ZflUOOCofDV9WnM=",
            "dev": true,
            "requires": {
                "indexof": "0.0.1"
            }
        },
        "websocket-driver": {
            "version": "0.7.0",
            "resolved": "https://registry.npmjs.org/websocket-driver/-/websocket-driver-0.7.0.tgz",
            "integrity": "sha1-DK+dLXVdk67gSdS90NP+LMoqJOs=",
            "requires": {
                "http-parser-js": "0.4.11",
                "websocket-extensions": "0.1.3"
            }
        },
        "websocket-extensions": {
            "version": "0.1.3",
            "resolved": "https://registry.npmjs.org/websocket-extensions/-/websocket-extensions-0.1.3.tgz",
            "integrity": "sha512-nqHUnMXmBzT0w570r2JpJxfiSD1IzoI+HGVdd3aZ0yNi3ngvQ4jv1dtHt5VGxfI2yj5yqImPhOK4vmIh2xMbGg=="
        },
        "window-size": {
            "version": "0.1.0",
            "resolved": "https://registry.npmjs.org/window-size/-/window-size-0.1.0.tgz",
            "integrity": "sha1-VDjNLqk7IC76Ohn+iIeu58lPnJ0=",
            "dev": true
        },
        "wordwrap": {
            "version": "0.0.3",
            "resolved": "https://registry.npmjs.org/wordwrap/-/wordwrap-0.0.3.tgz",
            "integrity": "sha1-o9XabNXAvAAI03I0u68b7WMFkQc=",
            "dev": true
        },
        "xhr-write-stream": {
            "version": "0.1.2",
            "resolved": "https://registry.npmjs.org/xhr-write-stream/-/xhr-write-stream-0.1.2.tgz",
            "integrity": "sha1-41eEjg0Dm0Ef3Vs7+BvkfuXOJqo=",
            "dev": true,
            "requires": {
                "concat-stream": "0.1.1",
                "ordered-emitter": "0.1.1"
            },
            "dependencies": {
                "concat-stream": {
                    "version": "0.1.1",
                    "resolved": "https://registry.npmjs.org/concat-stream/-/concat-stream-0.1.1.tgz",
                    "integrity": "sha1-1/TieLkM/E8PPvd/5MA7QOs/eQA=",
                    "dev": true
                }
            }
        },
        "yargs": {
            "version": "3.5.4",
            "resolved": "https://registry.npmjs.org/yargs/-/yargs-3.5.4.tgz",
            "integrity": "sha1-2K/49mXpTDS9JZvevRv68N3TU2E=",
            "dev": true,
            "requires": {
                "camelcase": "1.2.1",
                "decamelize": "1.2.0",
                "window-size": "0.1.0",
                "wordwrap": "0.0.2"
            },
            "dependencies": {
                "wordwrap": {
                    "version": "0.0.2",
                    "resolved": "https://registry.npmjs.org/wordwrap/-/wordwrap-0.0.2.tgz",
                    "integrity": "sha1-t5Zpu0LstAn4PVg8rVLKF+qhZD8=",
                    "dev": true
                }
            }
        },
        "zlib-browserify": {
            "version": "0.0.3",
            "resolved": "https://registry.npmjs.org/zlib-browserify/-/zlib-browserify-0.0.3.tgz",
            "integrity": "sha1-JAzNv9AgP6hCsTDe77FBQSLIzFA=",
            "dev": true,
            "requires": {
                "tape": "0.2.2"
            },
            "dependencies": {
                "tape": {
                    "version": "0.2.2",
                    "resolved": "https://registry.npmjs.org/tape/-/tape-0.2.2.tgz",
                    "integrity": "sha1-ZMz6S37PSgBgAH5hcW1CR4FnFjc=",
                    "dev": true,
                    "requires": {
                        "deep-equal": "0.0.0",
                        "defined": "0.0.0",
                        "jsonify": "0.0.0"
                    }
                }
            }
        }
    }
}
